dependencies:
  '@masx200/async-task-current-limiter': 1.0.9
  '@masx200/fetch-baidu-pan-files': 1.2.12
  '@types/btoa': 1.2.3
  '@types/cookie': 0.4.0
  '@types/fs-extra': 9.0.1
  '@types/mongoose': 5.7.36
  '@types/node': 14.11.2
  '@types/node-fetch': 2.5.7
  btoa: 1.2.1
  cookie: 0.4.1
  fs-extra: 9.0.1
  mongodb: 3.6.2
  mongoose: 5.10.7_mongoose@5.10.7
devDependencies:
  prettier: 2.1.2
  tslib: 2.0.1
  typescript: 4.0.3
lockfileVersion: 5.1
packages:
  /@masx200/async-task-current-limiter/1.0.9:
    dependencies:
      '@masx200/event-emitter-target': 1.1.7
    dev: false
    resolution:
      integrity: sha1-I8oTjkz2tdvDCERHU5SuMVSpUdw=
      tarball: '@masx200/async-task-current-limiter/download/@masx200/async-task-current-limiter-1.0.9.tgz'
  /@masx200/event-emitter-target/1.1.7:
    dev: false
    resolution:
      integrity: sha1-EXV6gFMUiG7LVKWqX6toFbM7CRM=
      tarball: '@masx200/event-emitter-target/download/@masx200/event-emitter-target-1.1.7.tgz'
  /@masx200/fetch-baidu-pan-files/1.2.12:
    dependencies:
      '@masx200/async-task-current-limiter': 1.0.9
      '@types/btoa': 1.2.3
      '@types/cookie': 0.4.0
      '@types/fs-extra': 9.0.1
      '@types/mongoose': 5.7.36
      '@types/node': 14.11.2
      '@types/node-fetch': 2.5.7
      abort-controller: 3.0.0
      btoa: 1.2.1
      cookie: 0.4.1
      fs-extra: 9.0.1
      node-fetch: 2.6.1
    dev: false
    hasBin: true
    resolution:
      integrity: sha1-cSCDkUhj2OlYIQ2I3ADAPJQCqzc=
      tarball: '@masx200/fetch-baidu-pan-files/download/@masx200/fetch-baidu-pan-files-1.2.12.tgz'
  /@types/bson/4.0.2:
    dependencies:
      '@types/node': 14.11.2
    dev: false
    resolution:
      integrity: sha1-esy4WUL8ObvbdRXU3kN8BPaYEV8=
      tarball: '@types/bson/download/@types/bson-4.0.2.tgz'
  /@types/btoa/1.2.3:
    dependencies:
      '@types/node': 14.11.2
    dev: false
    resolution:
      integrity: sha1-LI5wk/kCv48OEJkqcxpJlqoaVzI=
      tarball: '@types/btoa/download/@types/btoa-1.2.3.tgz'
  /@types/cookie/0.4.0:
    dev: false
    resolution:
      integrity: sha1-FPhUwPk9Mm452m47bzT303UT0Qg=
      tarball: '@types/cookie/download/@types/cookie-0.4.0.tgz'
  /@types/fs-extra/9.0.1:
    dependencies:
      '@types/node': 14.11.2
    dev: false
    resolution:
      integrity: sha1-kcj8TFH21dvkTCypqwkxC9AMeRg=
      tarball: '@types/fs-extra/download/@types/fs-extra-9.0.1.tgz'
  /@types/mongodb/3.5.27:
    dependencies:
      '@types/bson': 4.0.2
      '@types/node': 14.11.2
    dev: false
    resolution:
      integrity: sha1-FYp6Q84l7zWSrIpi5iqzi+v2YfI=
      tarball: '@types/mongodb/download/@types/mongodb-3.5.27.tgz'
  /@types/mongoose/5.7.36:
    dependencies:
      '@types/mongodb': 3.5.27
      '@types/node': 14.11.2
    dev: false
    resolution:
      integrity: sha1-La4oxjBBxq+6ioPqApafRjs/ECE=
      tarball: '@types/mongoose/download/@types/mongoose-5.7.36.tgz'
  /@types/node-fetch/2.5.7:
    dependencies:
      '@types/node': 14.11.2
      form-data: 3.0.0
    dev: false
    resolution:
      integrity: sha1-IKKv/6iCqwTUTKeGRJonb59rvzw=
      tarball: '@types/node-fetch/download/@types/node-fetch-2.5.7.tgz'
  /@types/node/14.11.2:
    dev: false
    resolution:
      integrity: sha1-LeHtZnBDk4faHJ9UmireKwp5klY=
      tarball: '@types/node/download/@types/node-14.11.2.tgz?cache=0&sync_timestamp=1600744254286&other_urls=https%3A%2F%2Fregistry.npm.taobao.org%2F%40types%2Fnode%2Fdownload%2F%40types%2Fnode-14.11.2.tgz'
  /abort-controller/3.0.0:
    dependencies:
      event-target-shim: 5.0.1
    dev: false
    engines:
      node: '>=6.5'
    resolution:
      integrity: sha1-6vVNU7YrrkE46AnKIlyEOabvs5I=
      tarball: abort-controller/download/abort-controller-3.0.0.tgz
  /asynckit/0.4.0:
    dev: false
    resolution:
      integrity: sha1-x57Zf380y48robyXkLzDZkdLS3k=
      tarball: asynckit/download/asynckit-0.4.0.tgz
  /at-least-node/1.0.0:
    dev: false
    engines:
      node: '>= 4.0.0'
    resolution:
      integrity: sha1-YCzUtG6EStTv/JKoARo8RuAjjcI=
      tarball: at-least-node/download/at-least-node-1.0.0.tgz
  /bl/2.2.1:
    dependencies:
      readable-stream: 2.3.7
      safe-buffer: 5.2.1
    dev: false
    resolution:
      integrity: sha1-jBGntzBlXF1WiYzchxIk9A/ZAdU=
      tarball: bl/download/bl-2.2.1.tgz
  /bluebird/3.5.1:
    dev: false
    resolution:
      integrity: sha1-2VUfnemPH82h5oPRfukaBgLuLrk=
      tarball: bluebird/download/bluebird-3.5.1.tgz
  /bson/1.1.5:
    dev: false
    engines:
      node: '>=0.6.19'
    resolution:
      integrity: sha1-Kqrpj832dQwISLDLod3sPHMGCjQ=
      tarball: bson/download/bson-1.1.5.tgz
  /btoa/1.2.1:
    dev: false
    engines:
      node: '>= 0.4.0'
    hasBin: true
    resolution:
      integrity: sha1-AamQn4ssk/a/aAuiYTHrMPf6PXM=
      tarball: btoa/download/btoa-1.2.1.tgz
  /combined-stream/1.0.8:
    dependencies:
      delayed-stream: 1.0.0
    dev: false
    engines:
      node: '>= 0.8'
    resolution:
      integrity: sha1-w9RaizT9cwYxoRCoolIGgrMdWn8=
      tarball: combined-stream/download/combined-stream-1.0.8.tgz
  /cookie/0.4.1:
    dev: false
    engines:
      node: '>= 0.6'
    resolution:
      integrity: sha1-r9cT/ibr0hupXOth+agRblClN9E=
      tarball: cookie/download/cookie-0.4.1.tgz
  /core-util-is/1.0.2:
    dev: false
    resolution:
      integrity: sha1-tf1UIgqivFq1eqtxQMlAdUUDwac=
      tarball: core-util-is/download/core-util-is-1.0.2.tgz
  /debug/3.1.0:
    dependencies:
      ms: 2.0.0
    dev: false
    resolution:
      integrity: sha1-W7WgZyYotkFJVmuhaBnmFRjGcmE=
      tarball: debug/download/debug-3.1.0.tgz
  /delayed-stream/1.0.0:
    dev: false
    engines:
      node: '>=0.4.0'
    resolution:
      integrity: sha1-3zrhmayt+31ECqrgsp4icrJOxhk=
      tarball: delayed-stream/download/delayed-stream-1.0.0.tgz
  /denque/1.4.1:
    dev: false
    engines:
      node: '>=0.10'
    resolution:
      integrity: sha1-Z0T/dkHBSMP4ppwwflEjXB9KN88=
      tarball: denque/download/denque-1.4.1.tgz
  /event-target-shim/5.0.1:
    dev: false
    engines:
      node: '>=6'
    resolution:
      integrity: sha1-XU0+vflYPWOlMzzi3rdICrKwV4k=
      tarball: event-target-shim/download/event-target-shim-5.0.1.tgz
  /form-data/3.0.0:
    dependencies:
      asynckit: 0.4.0
      combined-stream: 1.0.8
      mime-types: 2.1.27
    dev: false
    engines:
      node: '>= 6'
    resolution:
      integrity: sha1-MbfjnIXxNVtxOe4MZHzw3n+DxoI=
      tarball: form-data/download/form-data-3.0.0.tgz
  /fs-extra/9.0.1:
    dependencies:
      at-least-node: 1.0.0
      graceful-fs: 4.2.4
      jsonfile: 6.0.1
      universalify: 1.0.0
    dev: false
    engines:
      node: '>=10'
    resolution:
      integrity: sha1-kQ2gBiQ3ukw5/t2GPxZ1zP78ufw=
      tarball: fs-extra/download/fs-extra-9.0.1.tgz
  /graceful-fs/4.2.4:
    dev: false
    resolution:
      integrity: sha1-Ila94U02MpWMRl68ltxGfKB6Kfs=
      tarball: graceful-fs/download/graceful-fs-4.2.4.tgz
  /inherits/2.0.4:
    dev: false
    resolution:
      integrity: sha1-D6LGT5MpF8NDOg3tVTY6rjdBa3w=
      tarball: inherits/download/inherits-2.0.4.tgz
  /isarray/1.0.0:
    dev: false
    resolution:
      integrity: sha1-u5NdSFgsuhaMBoNJV6VKPgcSTxE=
      tarball: isarray/download/isarray-1.0.0.tgz
  /jsonfile/6.0.1:
    dependencies:
      universalify: 1.0.0
    dev: false
    optionalDependencies:
      graceful-fs: 4.2.4
    resolution:
      integrity: sha1-mJZsuiFDeMjIS4LghZB7QL9hQXk=
      tarball: jsonfile/download/jsonfile-6.0.1.tgz
  /kareem/2.3.1:
    dev: false
    resolution:
      integrity: sha1-3vEtnJQQF/q/sA+HOvlenJnhvoc=
      tarball: kareem/download/kareem-2.3.1.tgz
  /memory-pager/1.5.0:
    dev: false
    optional: true
    resolution:
      integrity: sha1-2HUWVdItOEaCdByXLyw9bfo+ZrU=
      tarball: memory-pager/download/memory-pager-1.5.0.tgz
  /mime-db/1.44.0:
    dev: false
    engines:
      node: '>= 0.6'
    resolution:
      integrity: sha1-+hHF6wrKEzS0Izy01S8QxaYnL5I=
      tarball: mime-db/download/mime-db-1.44.0.tgz
  /mime-types/2.1.27:
    dependencies:
      mime-db: 1.44.0
    dev: false
    engines:
      node: '>= 0.6'
    resolution:
      integrity: sha1-R5SfmOJ56lMRn1ci4PNOUpvsAJ8=
      tarball: mime-types/download/mime-types-2.1.27.tgz
  /mongodb/3.6.2:
    dependencies:
      bl: 2.2.1
      bson: 1.1.5
      denque: 1.4.1
      require_optional: 1.0.1
      safe-buffer: 5.2.1
    dev: false
    engines:
      node: '>=4'
    optionalDependencies:
      saslprep: 1.0.3
    resolution:
      integrity: sha1-EVSkrBB78TdREtg6KcXPl3BOlrY=
      tarball: mongodb/download/mongodb-3.6.2.tgz
  /mongoose-legacy-pluralize/1.0.2_mongoose@5.10.7:
    dependencies:
      mongoose: 5.10.7_mongoose@5.10.7
    dev: false
    peerDependencies:
      mongoose: '*'
    resolution:
      integrity: sha1-O6n5H6UHtRhtOZ+0CFS/8Y+1Y+Q=
      tarball: mongoose-legacy-pluralize/download/mongoose-legacy-pluralize-1.0.2.tgz
  /mongoose/5.10.7_mongoose@5.10.7:
    dependencies:
      bson: 1.1.5
      kareem: 2.3.1
      mongodb: 3.6.2
      mongoose-legacy-pluralize: 1.0.2_mongoose@5.10.7
      mpath: 0.7.0
      mquery: 3.2.2
      ms: 2.1.2
      regexp-clone: 1.0.0
      safe-buffer: 5.2.1
      sift: 7.0.1
      sliced: 1.0.1
    dev: false
    engines:
      node: '>=4.0.0'
    peerDependencies:
      mongoose: '*'
    resolution:
      integrity: sha1-VZADf02QePTU7axcd/J7U4KbHJQ=
      tarball: mongoose/download/mongoose-5.10.7.tgz
  /mpath/0.7.0:
    dev: false
    engines:
      node: '>=4.0.0'
    resolution:
      integrity: sha1-IOgQLidrcXCdbgfp+NTQ9kGvv7g=
      tarball: mpath/download/mpath-0.7.0.tgz
  /mquery/3.2.2:
    dependencies:
      bluebird: 3.5.1
      debug: 3.1.0
      regexp-clone: 1.0.0
      safe-buffer: 5.1.2
      sliced: 1.0.1
    dev: false
    engines:
      node: '>=4.0.0'
    resolution:
      integrity: sha1-4Tg6OVGFLOI+N/YZqbNQ8fs2ZOc=
      tarball: mquery/download/mquery-3.2.2.tgz
  /ms/2.0.0:
    dev: false
    resolution:
      integrity: sha1-VgiurfwAvmwpAd9fmGF4jeDVl8g=
      tarball: ms/download/ms-2.0.0.tgz?cache=0&sync_timestamp=1592896968356&other_urls=https%3A%2F%2Fregistry.npm.taobao.org%2Fms%2Fdownload%2Fms-2.0.0.tgz
  /ms/2.1.2:
    dev: false
    resolution:
      integrity: sha1-0J0fNXtEP0kzgqjrPM0YOHKuYAk=
      tarball: ms/download/ms-2.1.2.tgz?cache=0&sync_timestamp=1592896968356&other_urls=https%3A%2F%2Fregistry.npm.taobao.org%2Fms%2Fdownload%2Fms-2.1.2.tgz
  /node-fetch/2.6.1:
    dev: false
    engines:
      node: 4.x || >=6.0.0
    resolution:
      integrity: sha1-BFvTI2Mfdu0uK1VXM5RBa2OaAFI=
      tarball: node-fetch/download/node-fetch-2.6.1.tgz
  /prettier/2.1.2:
    dev: true
    engines:
      node: '>=10.13.0'
    hasBin: true
    resolution:
      integrity: sha1-MFBwDa4uTItnxMP2Zs24r0BeHOU=
      tarball: prettier/download/prettier-2.1.2.tgz
  /process-nextick-args/2.0.1:
    dev: false
    resolution:
      integrity: sha1-eCDZsWEgzFXKmud5JoCufbptf+I=
      tarball: process-nextick-args/download/process-nextick-args-2.0.1.tgz
  /readable-stream/2.3.7:
    dependencies:
      core-util-is: 1.0.2
      inherits: 2.0.4
      isarray: 1.0.0
      process-nextick-args: 2.0.1
      safe-buffer: 5.1.2
      string_decoder: 1.1.1
      util-deprecate: 1.0.2
    dev: false
    resolution:
      integrity: sha1-Hsoc9xGu+BTAT2IlKjamL2yyO1c=
      tarball: readable-stream/download/readable-stream-2.3.7.tgz
  /regexp-clone/1.0.0:
    dev: false
    resolution:
      integrity: sha1-Ii25Z2IydwViYLmSYmNUoEzpv2M=
      tarball: regexp-clone/download/regexp-clone-1.0.0.tgz
  /require_optional/1.0.1:
    dependencies:
      resolve-from: 2.0.0
      semver: 5.7.1
    dev: false
    resolution:
      integrity: sha1-TPNaQkf2TKPfjC7yCMxJSxyo/C4=
      tarball: require_optional/download/require_optional-1.0.1.tgz
  /resolve-from/2.0.0:
    dev: false
    engines:
      node: '>=0.10.0'
    resolution:
      integrity: sha1-lICrIOlP+h2egKgEx+oUdhGWa1c=
      tarball: resolve-from/download/resolve-from-2.0.0.tgz
  /safe-buffer/5.1.2:
    dev: false
    resolution:
      integrity: sha1-mR7GnSluAxN0fVm9/St0XDX4go0=
      tarball: safe-buffer/download/safe-buffer-5.1.2.tgz
  /safe-buffer/5.2.1:
    dev: false
    resolution:
      integrity: sha1-Hq+fqb2x/dTsdfWPnNtOa3gn7sY=
      tarball: safe-buffer/download/safe-buffer-5.2.1.tgz
  /saslprep/1.0.3:
    dependencies:
      sparse-bitfield: 3.0.3
    dev: false
    engines:
      node: '>=6'
    optional: true
    resolution:
      integrity: sha1-TAL5RrVs9UKX40e6EJPnrKxM8iY=
      tarball: saslprep/download/saslprep-1.0.3.tgz
  /semver/5.7.1:
    dev: false
    hasBin: true
    resolution:
      integrity: sha1-qVT5Ma66UI0we78Gnv8MAclhFvc=
      tarball: semver/download/semver-5.7.1.tgz
  /sift/7.0.1:
    dev: false
    resolution:
      integrity: sha1-R9YsULFZ0xbxNy+LU/nBDNIaSwg=
      tarball: sift/download/sift-7.0.1.tgz
  /sliced/1.0.1:
    dev: false
    resolution:
      integrity: sha1-CzpmK10Ewxd7GSa+qCsD+Dei70E=
      tarball: sliced/download/sliced-1.0.1.tgz
  /sparse-bitfield/3.0.3:
    dependencies:
      memory-pager: 1.5.0
    dev: false
    optional: true
    resolution:
      integrity: sha1-/0rm5oZWBWuks+eSqzM004JzyhE=
      tarball: sparse-bitfield/download/sparse-bitfield-3.0.3.tgz
  /string_decoder/1.1.1:
    dependencies:
      safe-buffer: 5.1.2
    dev: false
    resolution:
      integrity: sha1-nPFhG6YmhdcDCunkujQUnDrwP8g=
      tarball: string_decoder/download/string_decoder-1.1.1.tgz
  /tslib/2.0.1:
    dev: true
    resolution:
      integrity: sha1-QQ6w0RPltjVkkO7HSWA3JbAhtD4=
      tarball: tslib/download/tslib-2.0.1.tgz?cache=0&sync_timestamp=1596764182430&other_urls=https%3A%2F%2Fregistry.npm.taobao.org%2Ftslib%2Fdownload%2Ftslib-2.0.1.tgz
  /typescript/4.0.3:
    dev: true
    engines:
      node: '>=4.2.0'
    hasBin: true
    resolution:
      integrity: sha1-FTu9Ro7wdyXB35x36LRT+NNqu6U=
      tarball: typescript/download/typescript-4.0.3.tgz?cache=0&sync_timestamp=1601467731775&other_urls=https%3A%2F%2Fregistry.npm.taobao.org%2Ftypescript%2Fdownload%2Ftypescript-4.0.3.tgz
  /universalify/1.0.0:
    dev: false
    engines:
      node: '>= 10.0.0'
    resolution:
      integrity: sha1-thodoXPoQ1sv48Z9Kbmt+FlL0W0=
      tarball: universalify/download/universalify-1.0.0.tgz
  /util-deprecate/1.0.2:
    dev: false
    resolution:
      integrity: sha1-RQ1Nyfpw3nMnYvvS1KKJgUGaDM8=
      tarball: util-deprecate/download/util-deprecate-1.0.2.tgz
specifiers:
  '@masx200/async-task-current-limiter': ^1.0.9
  '@masx200/fetch-baidu-pan-files': ^1.2.12
  '@types/btoa': ^1.2.3
  '@types/cookie': ^0.4.0
  '@types/fs-extra': ^9.0.1
  '@types/mongoose': ^5.7.36
  '@types/node': ^14.11.2
  '@types/node-fetch': ^2.5.7
  btoa: ^1.2.1
  cookie: ^0.4.1
  fs-extra: ^9.0.1
  mongodb: ^3.6.2
  mongoose: ^5.10.7
  prettier: ^2.1.2
  tslib: ^2.0.1
  typescript: ^4.0.3
